
Microsoft Visual Studio Solution File, Format Version 12.00
# Visual Studio Version 17
VisualStudioVersion = 17.9.34728.123
MinimumVisualStudioVersion = 10.0.40219.1
Project("{FAE04EC0-301F-11D3-BF4B-00C04F79EFBC}") = "ToDoListApp", "ToDoListApp\ToDoListApp.csproj", "{55AB6EBE-C267-4605-9DC5-A9C9DE6B308D}"
EndProject
Global
	GlobalSection(SolutionConfigurationPlatforms) = preSolution
		Debug|Any CPU = Debug|Any CPU
		Release|Any CPU = Release|Any CPU
	EndGlobalSection
	GlobalSection(ProjectConfigurationPlatforms) = postSolution
		{55AB6EBE-C267-4605-9DC5-A9C9DE6B308D}.Debug|Any CPU.ActiveCfg = Debug|Any CPU
		{55AB6EBE-C267-4605-9DC5-A9C9DE6B308D}.Debug|Any CPU.Build.0 = Debug|Any CPU
		{55AB6EBE-C267-4605-9DC5-A9C9DE6B308D}.Release|Any CPU.ActiveCfg = Release|Any CPU
		{55AB6EBE-C267-4605-9DC5-A9C9DE6B308D}.Release|Any CPU.Build.0 = Release|Any CPU
	EndGlobalSection
	GlobalSection(SolutionProperties) = preSolution
		HideSolutionNode = FALSE
	EndGlobalSection
	GlobalSection(ExtensibilityGlobals) = postSolution
		SolutionGuid = {39E43391-17F0-409A-8B7E-26CB6A56192F}
	EndGlobalSection
EndGlobal
